
Microsoft Visual Studio Solution File, Format Version 12.00
# Visual Studio 15
VisualStudioVersion = 15.0.26124.0
MinimumVisualStudioVersion = 15.0.26124.0
Project("{9A19103F-16F7-4668-BE54-9A1E7A4F7556}") = "AcaDev", "AcaDev\AcaDev.csproj", "{B0B3E435-3F72-4B9E-8704-2464632027E2}"
EndProject
Project("{9A19103F-16F7-4668-BE54-9A1E7A4F7556}") = "AcaDev.Model", "AcaDev.Model\AcaDev.Model.csproj", "{B94F76AF-7720-4933-A026-6C9462E4C6B9}"
EndProject
Project("{9A19103F-16F7-4668-BE54-9A1E7A4F7556}") = "AcaDev.Repository", "AcaDev.Repository\AcaDev.Repository.csproj", "{8A7C2BE4-DEDE-4490-83DA-183A8B053203}"
EndProject
Project("{FAE04EC0-301F-11D3-BF4B-00C04F79EFBC}") = "AcaDev.Shared", "AcaDev.Shared\AcaDev.Shared.csproj", "{D1CE18D4-57B5-4AB9-A538-8DC0D3E6C5C5}"
EndProject
Global
	GlobalSection(SolutionConfigurationPlatforms) = preSolution
		Debug|Any CPU = Debug|Any CPU
		Debug|x64 = Debug|x64
		Debug|x86 = Debug|x86
		Release|Any CPU = Release|Any CPU
		Release|x64 = Release|x64
		Release|x86 = Release|x86
	EndGlobalSection
	GlobalSection(ProjectConfigurationPlatforms) = postSolution
		{B0B3E435-3F72-4B9E-8704-2464632027E2}.Debug|Any CPU.ActiveCfg = Debug|Any CPU
		{B0B3E435-3F72-4B9E-8704-2464632027E2}.Debug|Any CPU.Build.0 = Debug|Any CPU
		{B0B3E435-3F72-4B9E-8704-2464632027E2}.Debug|x64.ActiveCfg = Debug|Any CPU
		{B0B3E435-3F72-4B9E-8704-2464632027E2}.Debug|x64.Build.0 = Debug|Any CPU
		{B0B3E435-3F72-4B9E-8704-2464632027E2}.Debug|x86.ActiveCfg = Debug|Any CPU
		{B0B3E435-3F72-4B9E-8704-2464632027E2}.Debug|x86.Build.0 = Debug|Any CPU
		{B0B3E435-3F72-4B9E-8704-2464632027E2}.Release|Any CPU.ActiveCfg = Release|Any CPU
		{B0B3E435-3F72-4B9E-8704-2464632027E2}.Release|Any CPU.Build.0 = Release|Any CPU
		{B0B3E435-3F72-4B9E-8704-2464632027E2}.Release|x64.ActiveCfg = Release|Any CPU
		{B0B3E435-3F72-4B9E-8704-2464632027E2}.Release|x64.Build.0 = Release|Any CPU
		{B0B3E435-3F72-4B9E-8704-2464632027E2}.Release|x86.ActiveCfg = Release|Any CPU
		{B0B3E435-3F72-4B9E-8704-2464632027E2}.Release|x86.Build.0 = Release|Any CPU
		{B94F76AF-7720-4933-A026-6C9462E4C6B9}.Debug|Any CPU.ActiveCfg = Debug|Any CPU
		{B94F76AF-7720-4933-A026-6C9462E4C6B9}.Debug|Any CPU.Build.0 = Debug|Any CPU
		{B94F76AF-7720-4933-A026-6C9462E4C6B9}.Debug|x64.ActiveCfg = Debug|Any CPU
		{B94F76AF-7720-4933-A026-6C9462E4C6B9}.Debug|x64.Build.0 = Debug|Any CPU
		{B94F76AF-7720-4933-A026-6C9462E4C6B9}.Debug|x86.ActiveCfg = Debug|Any CPU
		{B94F76AF-7720-4933-A026-6C9462E4C6B9}.Debug|x86.Build.0 = Debug|Any CPU
		{B94F76AF-7720-4933-A026-6C9462E4C6B9}.Release|Any CPU.ActiveCfg = Release|Any CPU
		{B94F76AF-7720-4933-A026-6C9462E4C6B9}.Release|Any CPU.Build.0 = Release|Any CPU
		{B94F76AF-7720-4933-A026-6C9462E4C6B9}.Release|x64.ActiveCfg = Release|Any CPU
		{B94F76AF-7720-4933-A026-6C9462E4C6B9}.Release|x64.Build.0 = Release|Any CPU
		{B94F76AF-7720-4933-A026-6C9462E4C6B9}.Release|x86.ActiveCfg = Release|Any CPU
		{B94F76AF-7720-4933-A026-6C9462E4C6B9}.Release|x86.Build.0 = Release|Any CPU
		{8A7C2BE4-DEDE-4490-83DA-183A8B053203}.Debug|Any CPU.ActiveCfg = Debug|Any CPU
		{8A7C2BE4-DEDE-4490-83DA-183A8B053203}.Debug|Any CPU.Build.0 = Debug|Any CPU
		{8A7C2BE4-DEDE-4490-83DA-183A8B053203}.Debug|x64.ActiveCfg = Debug|Any CPU
		{8A7C2BE4-DEDE-4490-83DA-183A8B053203}.Debug|x64.Build.0 = Debug|Any CPU
		{8A7C2BE4-DEDE-4490-83DA-183A8B053203}.Debug|x86.ActiveCfg = Debug|Any CPU
		{8A7C2BE4-DEDE-4490-83DA-183A8B053203}.Debug|x86.Build.0 = Debug|Any CPU
		{8A7C2BE4-DEDE-4490-83DA-183A8B053203}.Release|Any CPU.ActiveCfg = Release|Any CPU
		{8A7C2BE4-DEDE-4490-83DA-183A8B053203}.Release|Any CPU.Build.0 = Release|Any CPU
		{8A7C2BE4-DEDE-4490-83DA-183A8B053203}.Release|x64.ActiveCfg = Release|Any CPU
		{8A7C2BE4-DEDE-4490-83DA-183A8B053203}.Release|x64.Build.0 = Release|Any CPU
		{8A7C2BE4-DEDE-4490-83DA-183A8B053203}.Release|x86.ActiveCfg = Release|Any CPU
		{8A7C2BE4-DEDE-4490-83DA-183A8B053203}.Release|x86.Build.0 = Release|Any CPU
		{D1CE18D4-57B5-4AB9-A538-8DC0D3E6C5C5}.Debug|Any CPU.ActiveCfg = Debug|Any CPU
		{D1CE18D4-57B5-4AB9-A538-8DC0D3E6C5C5}.Debug|Any CPU.Build.0 = Debug|Any CPU
		{D1CE18D4-57B5-4AB9-A538-8DC0D3E6C5C5}.Debug|x64.ActiveCfg = Debug|Any CPU
		{D1CE18D4-57B5-4AB9-A538-8DC0D3E6C5C5}.Debug|x64.Build.0 = Debug|Any CPU
		{D1CE18D4-57B5-4AB9-A538-8DC0D3E6C5C5}.Debug|x86.ActiveCfg = Debug|Any CPU
		{D1CE18D4-57B5-4AB9-A538-8DC0D3E6C5C5}.Debug|x86.Build.0 = Debug|Any CPU
		{D1CE18D4-57B5-4AB9-A538-8DC0D3E6C5C5}.Release|Any CPU.ActiveCfg = Release|Any CPU
		{D1CE18D4-57B5-4AB9-A538-8DC0D3E6C5C5}.Release|Any CPU.Build.0 = Release|Any CPU
		{D1CE18D4-57B5-4AB9-A538-8DC0D3E6C5C5}.Release|x64.ActiveCfg = Release|Any CPU
		{D1CE18D4-57B5-4AB9-A538-8DC0D3E6C5C5}.Release|x64.Build.0 = Release|Any CPU
		{D1CE18D4-57B5-4AB9-A538-8DC0D3E6C5C5}.Release|x86.ActiveCfg = Release|Any CPU
		{D1CE18D4-57B5-4AB9-A538-8DC0D3E6C5C5}.Release|x86.Build.0 = Release|Any CPU
	EndGlobalSection
	GlobalSection(SolutionProperties) = preSolution
		HideSolutionNode = FALSE
	EndGlobalSection
	GlobalSection(ExtensibilityGlobals) = postSolution
		SolutionGuid = {7D3444DE-487C-42AD-B790-CA7ABC5F1334}
	EndGlobalSection
EndGlobal
